
Microsoft Visual Studio Solution File, Format Version 12.00
# Visual Studio Version 17
VisualStudioVersion = 17.4.33103.184
MinimumVisualStudioVersion = 10.0.40219.1
Project("{FAE04EC0-301F-11D3-BF4B-00C04F79EFBC}") = "Webshop", "Webshop\Webshop.csproj", "{628F4E12-E12F-420A-8E32-52DD008CBF76}"
EndProject
Global
	GlobalSection(SolutionConfigurationPlatforms) = preSolution
		Debug|Any CPU = Debug|Any CPU
		Release|Any CPU = Release|Any CPU
	EndGlobalSection
	GlobalSection(ProjectConfigurationPlatforms) = postSolution
		{628F4E12-E12F-420A-8E32-52DD008CBF76}.Debug|Any CPU.ActiveCfg = Debug|Any CPU
		{628F4E12-E12F-420A-8E32-52DD008CBF76}.Debug|Any CPU.Build.0 = Debug|Any CPU
		{628F4E12-E12F-420A-8E32-52DD008CBF76}.Release|Any CPU.ActiveCfg = Release|Any CPU
		{628F4E12-E12F-420A-8E32-52DD008CBF76}.Release|Any CPU.Build.0 = Release|Any CPU
	EndGlobalSection
	GlobalSection(SolutionProperties) = preSolution
		HideSolutionNode = FALSE
	EndGlobalSection
	GlobalSection(ExtensibilityGlobals) = postSolution
		SolutionGuid = {5FC39C91-C9D3-436B-941C-5F99161A3049}
	EndGlobalSection
EndGlobal
