
Microsoft Visual Studio Solution File, Format Version 12.00
# Visual Studio Version 17
VisualStudioVersion = 17.4.33213.308
MinimumVisualStudioVersion = 10.0.40219.1
Project("{FAE04EC0-301F-11D3-BF4B-00C04F79EFBC}") = "Scaffolding", "Scaffolding\Scaffolding.csproj", "{9DCB3998-FE67-452E-9F9B-E1753C4E6E82}"
EndProject
Global
	GlobalSection(SolutionConfigurationPlatforms) = preSolution
		Debug|Any CPU = Debug|Any CPU
		Release|Any CPU = Release|Any CPU
	EndGlobalSection
	GlobalSection(ProjectConfigurationPlatforms) = postSolution
		{9DCB3998-FE67-452E-9F9B-E1753C4E6E82}.Debug|Any CPU.ActiveCfg = Debug|Any CPU
		{9DCB3998-FE67-452E-9F9B-E1753C4E6E82}.Debug|Any CPU.Build.0 = Debug|Any CPU
		{9DCB3998-FE67-452E-9F9B-E1753C4E6E82}.Release|Any CPU.ActiveCfg = Release|Any CPU
		{9DCB3998-FE67-452E-9F9B-E1753C4E6E82}.Release|Any CPU.Build.0 = Release|Any CPU
	EndGlobalSection
	GlobalSection(SolutionProperties) = preSolution
		HideSolutionNode = FALSE
	EndGlobalSection
	GlobalSection(ExtensibilityGlobals) = postSolution
		SolutionGuid = {2FF4DF8C-CF74-40DD-A6D4-D2FAB817449B}
	EndGlobalSection
EndGlobal
