
Microsoft Visual Studio Solution File, Format Version 12.00
# Visual Studio Version 17
VisualStudioVersion = 17.4.33213.308
MinimumVisualStudioVersion = 10.0.40219.1
Project("{FAE04EC0-301F-11D3-BF4B-00C04F79EFBC}") = "NerdyGadgets", "NerdyGadgets\NerdyGadgets.csproj", "{5486836B-E1CE-477E-9F54-F78D71B11640}"
EndProject
Global
	GlobalSection(SolutionConfigurationPlatforms) = preSolution
		Debug|Any CPU = Debug|Any CPU
		Release|Any CPU = Release|Any CPU
	EndGlobalSection
	GlobalSection(ProjectConfigurationPlatforms) = postSolution
		{5486836B-E1CE-477E-9F54-F78D71B11640}.Debug|Any CPU.ActiveCfg = Debug|Any CPU
		{5486836B-E1CE-477E-9F54-F78D71B11640}.Debug|Any CPU.Build.0 = Debug|Any CPU
		{5486836B-E1CE-477E-9F54-F78D71B11640}.Release|Any CPU.ActiveCfg = Release|Any CPU
		{5486836B-E1CE-477E-9F54-F78D71B11640}.Release|Any CPU.Build.0 = Release|Any CPU
	EndGlobalSection
	GlobalSection(SolutionProperties) = preSolution
		HideSolutionNode = FALSE
	EndGlobalSection
	GlobalSection(ExtensibilityGlobals) = postSolution
		SolutionGuid = {114514C6-4517-493E-9C7B-F44C2056D4CE}
	EndGlobalSection
EndGlobal
