
Microsoft Visual Studio Solution File, Format Version 12.00
# Visual Studio Version 17
VisualStudioVersion = 17.4.33213.308
MinimumVisualStudioVersion = 10.0.40219.1
Project("{FAE04EC0-301F-11D3-BF4B-00C04F79EFBC}") = "CijferRegistratie", "CijferRegistratie\CijferRegistratie.csproj", "{F3909F34-A4D2-43CC-A60D-79A46B960EE8}"
EndProject
Project("{FAE04EC0-301F-11D3-BF4B-00C04F79EFBC}") = "StudentType", "StudentTypeAPI\StudentType.csproj", "{9E07B224-3B84-471E-997B-35801FB40098}"
EndProject
Global
	GlobalSection(SolutionConfigurationPlatforms) = preSolution
		Debug|Any CPU = Debug|Any CPU
		Release|Any CPU = Release|Any CPU
	EndGlobalSection
	GlobalSection(ProjectConfigurationPlatforms) = postSolution
		{F3909F34-A4D2-43CC-A60D-79A46B960EE8}.Debug|Any CPU.ActiveCfg = Debug|Any CPU
		{F3909F34-A4D2-43CC-A60D-79A46B960EE8}.Debug|Any CPU.Build.0 = Debug|Any CPU
		{F3909F34-A4D2-43CC-A60D-79A46B960EE8}.Release|Any CPU.ActiveCfg = Release|Any CPU
		{F3909F34-A4D2-43CC-A60D-79A46B960EE8}.Release|Any CPU.Build.0 = Release|Any CPU
		{9E07B224-3B84-471E-997B-35801FB40098}.Debug|Any CPU.ActiveCfg = Debug|Any CPU
		{9E07B224-3B84-471E-997B-35801FB40098}.Debug|Any CPU.Build.0 = Debug|Any CPU
		{9E07B224-3B84-471E-997B-35801FB40098}.Release|Any CPU.ActiveCfg = Release|Any CPU
		{9E07B224-3B84-471E-997B-35801FB40098}.Release|Any CPU.Build.0 = Release|Any CPU
	EndGlobalSection
	GlobalSection(SolutionProperties) = preSolution
		HideSolutionNode = FALSE
	EndGlobalSection
	GlobalSection(ExtensibilityGlobals) = postSolution
		SolutionGuid = {7B847194-307B-418D-B92D-86C8C7E77A87}
	EndGlobalSection
EndGlobal
