
Microsoft Visual Studio Solution File, Format Version 12.00
# Visual Studio Version 17
VisualStudioVersion = 17.4.33213.308
MinimumVisualStudioVersion = 10.0.40219.1
Project("{9A19103F-16F7-4668-BE54-9A1E7A4F7556}") = "CSSHarris", "CSSHarris\CSSHarris.csproj", "{02CD758D-5069-4371-A16A-56E94240FEB0}"
EndProject
Project("{FAE04EC0-301F-11D3-BF4B-00C04F79EFBC}") = "MHeetTesting", "MHeetTesting\MHeetTesting.csproj", "{B3367000-2B2D-4B91-9ED5-61CA1F294DAA}"
EndProject
Global
	GlobalSection(SolutionConfigurationPlatforms) = preSolution
		Debug|Any CPU = Debug|Any CPU
		Release|Any CPU = Release|Any CPU
	EndGlobalSection
	GlobalSection(ProjectConfigurationPlatforms) = postSolution
		{02CD758D-5069-4371-A16A-56E94240FEB0}.Debug|Any CPU.ActiveCfg = Debug|Any CPU
		{02CD758D-5069-4371-A16A-56E94240FEB0}.Debug|Any CPU.Build.0 = Debug|Any CPU
		{02CD758D-5069-4371-A16A-56E94240FEB0}.Release|Any CPU.ActiveCfg = Release|Any CPU
		{02CD758D-5069-4371-A16A-56E94240FEB0}.Release|Any CPU.Build.0 = Release|Any CPU
		{B3367000-2B2D-4B91-9ED5-61CA1F294DAA}.Debug|Any CPU.ActiveCfg = Debug|Any CPU
		{B3367000-2B2D-4B91-9ED5-61CA1F294DAA}.Debug|Any CPU.Build.0 = Debug|Any CPU
		{B3367000-2B2D-4B91-9ED5-61CA1F294DAA}.Release|Any CPU.ActiveCfg = Release|Any CPU
		{B3367000-2B2D-4B91-9ED5-61CA1F294DAA}.Release|Any CPU.Build.0 = Release|Any CPU
	EndGlobalSection
	GlobalSection(SolutionProperties) = preSolution
		HideSolutionNode = FALSE
	EndGlobalSection
	GlobalSection(ExtensibilityGlobals) = postSolution
		SolutionGuid = {9E5CDEE4-B88F-4495-8C42-450D4A864BA2}
	EndGlobalSection
EndGlobal
